PODS:
  - Mapbox-iOS-SDK (5.8.0):
    - MapboxMobileEvents (= 0.10.2)
  - MapboxMobileEvents (0.10.2)
  - PinLayout (1.8.13)
  - PureLayout (3.1.5)

DEPENDENCIES:
  - Mapbox-iOS-SDK (~> 5.8)
  - PinLayout
  - PureLayout

SPEC REPOS:
  trunk:
    - Mapbox-iOS-SDK
    - MapboxMobileEvents
    - PinLayout
    - PureLayout

SPEC CHECKSUMS:
  Mapbox-iOS-SDK: 02590a60fe300810c55432219a0caaa1338fbafb
  MapboxMobileEvents: 2bc0ca2eedb627b73cf403258dce2b2fa98074a6
  PinLayout: e41a50260a76508b7a7fcee8955c76639adc69bc
  PureLayout: 9b4ad47b2f0388c84ff534af23d96e720c1b875a

PODFILE CHECKSUM: 3db530b0797af545031b7eb8618d403d42527683

COCOAPODS: 1.8.4
